
Microsoft Visual Studio Solution File, Format Version 12.00
# Visual Studio 15
VisualStudioVersion = 15.0.27703.2042
MinimumVisualStudioVersion = 10.0.40219.1
Project("{FAE04EC0-301F-11D3-BF4B-00C04F79EFBC}") = "controls and events", "controls and events\controls and events.csproj", "{33637323-4837-4106-94C6-A445AE632065}"
EndProject
Global
	GlobalSection(SolutionConfigurationPlatforms) = preSolution
		Debug|Any CPU = Debug|Any CPU
		Release|Any CPU = Release|Any CPU
	EndGlobalSection
	GlobalSection(ProjectConfigurationPlatforms) = postSolution
		{33637323-4837-4106-94C6-A445AE632065}.Debug|Any CPU.ActiveCfg = Debug|Any CPU
		{33637323-4837-4106-94C6-A445AE632065}.Debug|Any CPU.Build.0 = Debug|Any CPU
		{33637323-4837-4106-94C6-A445AE632065}.Release|Any CPU.ActiveCfg = Release|Any CPU
		{33637323-4837-4106-94C6-A445AE632065}.Release|Any CPU.Build.0 = Release|Any CPU
	EndGlobalSection
	GlobalSection(SolutionProperties) = preSolution
		HideSolutionNode = FALSE
	EndGlobalSection
	GlobalSection(ExtensibilityGlobals) = postSolution
		SolutionGuid = {CDB5BD5A-725E-4A94-9C55-1B02B50752B3}
	EndGlobalSection
EndGlobal
